
Microsoft Visual Studio Solution File, Format Version 12.00
# Visual Studio 15
VisualStudioVersion = 15.0.27428.2037
MinimumVisualStudioVersion = 10.0.40219.1
Project("{FAE04EC0-301F-11D3-BF4B-00C04F79EFBC}") = "Practica.Chachi", "Practica.Chachi\Practica.Chachi.csproj", "{EFFEB788-AF17-41B0-82EB-7F2B3CBA301C}"
EndProject
Global
	GlobalSection(SolutionConfigurationPlatforms) = preSolution
		Debug|Any CPU = Debug|Any CPU
		Release|Any CPU = Release|Any CPU
	EndGlobalSection
	GlobalSection(ProjectConfigurationPlatforms) = postSolution
		{EFFEB788-AF17-41B0-82EB-7F2B3CBA301C}.Debug|Any CPU.ActiveCfg = Debug|Any CPU
		{EFFEB788-AF17-41B0-82EB-7F2B3CBA301C}.Debug|Any CPU.Build.0 = Debug|Any CPU
		{EFFEB788-AF17-41B0-82EB-7F2B3CBA301C}.Release|Any CPU.ActiveCfg = Release|Any CPU
		{EFFEB788-AF17-41B0-82EB-7F2B3CBA301C}.Release|Any CPU.Build.0 = Release|Any CPU
	EndGlobalSection
	GlobalSection(SolutionProperties) = preSolution
		HideSolutionNode = FALSE
	EndGlobalSection
	GlobalSection(ExtensibilityGlobals) = postSolution
		SolutionGuid = {1793CFF6-0774-46E8-8642-2D932000F381}
	EndGlobalSection
EndGlobal
